
Microsoft Visual Studio Solution File, Format Version 12.00
# Visual Studio Version 17
VisualStudioVersion = 17.0.31903.59
MinimumVisualStudioVersion = 10.0.40219.1
Project("{FAE04EC0-301F-11D3-BF4B-00C04F79EFBC}") = "quick-sort-parallel", "QuickSortParallelApp\quick-sort-parallel.csproj", "{AE92C69A-B971-4243-8208-C0882553C343}"
EndProject
Project("{FAE04EC0-301F-11D3-BF4B-00C04F79EFBC}") = "QuickSortParallelApp.Tests", "QuickSortParallelApp.Tests\QuickSortParallelApp.Tests.csproj", "{68187E19-824C-4D10-8A3C-9D1A9D0C899D}"
EndProject
Global
	GlobalSection(SolutionConfigurationPlatforms) = preSolution
		Debug|Any CPU = Debug|Any CPU
		Release|Any CPU = Release|Any CPU
	EndGlobalSection
	GlobalSection(SolutionProperties) = preSolution
		HideSolutionNode = FALSE
	EndGlobalSection
	GlobalSection(ProjectConfigurationPlatforms) = postSolution
		{AE92C69A-B971-4243-8208-C0882553C343}.Debug|Any CPU.ActiveCfg = Debug|Any CPU
		{AE92C69A-B971-4243-8208-C0882553C343}.Debug|Any CPU.Build.0 = Debug|Any CPU
		{AE92C69A-B971-4243-8208-C0882553C343}.Release|Any CPU.ActiveCfg = Release|Any CPU
		{AE92C69A-B971-4243-8208-C0882553C343}.Release|Any CPU.Build.0 = Release|Any CPU
		{68187E19-824C-4D10-8A3C-9D1A9D0C899D}.Debug|Any CPU.ActiveCfg = Debug|Any CPU
		{68187E19-824C-4D10-8A3C-9D1A9D0C899D}.Debug|Any CPU.Build.0 = Debug|Any CPU
		{68187E19-824C-4D10-8A3C-9D1A9D0C899D}.Release|Any CPU.ActiveCfg = Release|Any CPU
		{68187E19-824C-4D10-8A3C-9D1A9D0C899D}.Release|Any CPU.Build.0 = Release|Any CPU
	EndGlobalSection
EndGlobal
